<?xml version="1.0" encoding="utf-8"?>
<Project xmlns="http://schemas.microsoft.com/developer/msbuild/2003">
  <ItemGroup>
    <Filter Include="Form Files">
      <UniqueIdentifier>{99349809-55BA-4b9d-BF79-8FDBB0286EB3}</UniqueIdentifier>
      <Extensions>ui</Extensions>
      <ParseFiles>false</ParseFiles>
    </Filter>
    <Filter Include="Form Files">
      <UniqueIdentifier>{99349809-55BA-4b9d-BF79-8FDBB0286EB3}</UniqueIdentifier>
      <Extensions>ui</Extensions>
      <ParseFiles>false</ParseFiles>
    </Filter>
    <Filter Include="Generated Files">
      <UniqueIdentifier>{71ED8ED8-ACB9-4CE9-BBE1-E00B30144E11}</UniqueIdentifier>
      <Extensions>cpp;c;cxx;moc;h;def;odl;idl;res;</Extensions>
    </Filter>
    <Filter Include="Generated Files">
      <UniqueIdentifier>{71ED8ED8-ACB9-4CE9-BBE1-E00B30144E11}</UniqueIdentifier>
      <Extensions>cpp;c;cxx;moc;h;def;odl;idl;res;</Extensions>
    </Filter>
    <Filter Include="Header Files">
      <UniqueIdentifier>{93995380-89BD-4b04-88EB-625FBE52EBFB}</UniqueIdentifier>
      <Extensions>h;hpp;hxx;hm;inl;inc;xsd</Extensions>
    </Filter>
    <Filter Include="Header Files">
      <UniqueIdentifier>{93995380-89BD-4b04-88EB-625FBE52EBFB}</UniqueIdentifier>
      <Extensions>h;hpp;hxx;hm;inl;inc;xsd</Extensions>
    </Filter>
    <Filter Include="Resource Files">
      <UniqueIdentifier>{D9D6E242-F8AF-46E4-B9FD-80ECBC20BA3E}</UniqueIdentifier>
      <Extensions>qrc;*</Extensions>
      <ParseFiles>false</ParseFiles>
    </Filter>
    <Filter Include="Resource Files">
      <UniqueIdentifier>{D9D6E242-F8AF-46E4-B9FD-80ECBC20BA3E}</UniqueIdentifier>
      <Extensions>qrc;*</Extensions>
      <ParseFiles>false</ParseFiles>
    </Filter>
    <Filter Include="Source Files">
      <UniqueIdentifier>{4FC737F1-C7A5-4376-A066-2A32D752A2FF}</UniqueIdentifier>
      <Extensions>cpp;c;cxx;def;odl;idl;hpj;bat;asm;asmx</Extensions>
    </Filter>
    <Filter Include="Source Files">
      <UniqueIdentifier>{4FC737F1-C7A5-4376-A066-2A32D752A2FF}</UniqueIdentifier>
      <Extensions>cpp;c;cxx;def;odl;idl;hpj;bat;asm;asmx</Extensions>
    </Filter>
  </ItemGroup>
  <ItemGroup>
    <ClCompile Include="BossEnemy.cpp">
      <Filter>Source Files</Filter>
    </ClCompile>
    <ClCompile Include="Bullet.cpp">
      <Filter>Source Files</Filter>
    </ClCompile>
    <ClCompile Include="Enemy.cpp">
      <Filter>Source Files</Filter>
    </ClCompile>
    <ClCompile Include="Game.cpp">
      <Filter>Source Files</Filter>
    </ClCompile>
    <ClCompile Include="Health.cpp">
      <Filter>Source Files</Filter>
    </ClCompile>
    <ClCompile Include="Player.cpp">
      <Filter>Source Files</Filter>
    </ClCompile>
    <ClCompile Include="Score.cpp">
      <Filter>Source Files</Filter>
    </ClCompile>
    <ClCompile Include="aboutauthors.cpp">
      <Filter>Source Files</Filter>
    </ClCompile>
    <ClCompile Include="direction.cpp">
      <Filter>Source Files</Filter>
    </ClCompile>
    <ClCompile Include="gameover.cpp">
      <Filter>Source Files</Filter>
    </ClCompile>
    <ClCompile Include="main.cpp">
      <Filter>Source Files</Filter>
    </ClCompile>
    <ClCompile Include="mainwindow.cpp">
      <Filter>Source Files</Filter>
    </ClCompile>
  </ItemGroup>
  <ItemGroup>
    <QtMoc Include="BossEnemy.h">
      <Filter>Header Files</Filter>
    </QtMoc>
    <QtMoc Include="Bullet.h">
      <Filter>Header Files</Filter>
    </QtMoc>
    <QtMoc Include="Enemy.h">
      <Filter>Header Files</Filter>
    </QtMoc>
    <ClInclude Include="Game.h">
      <Filter>Header Files</Filter>
    </ClInclude>
    <ClInclude Include="Health.h">
      <Filter>Header Files</Filter>
    </ClInclude>
    <QtMoc Include="Player.h">
      <Filter>Header Files</Filter>
    </QtMoc>
    <ClInclude Include="Score.h">
      <Filter>Header Files</Filter>
    </ClInclude>
    <QtMoc Include="aboutauthors.h">
      <Filter>Header Files</Filter>
    </QtMoc>
    <ClInclude Include="direction.h">
      <Filter>Header Files</Filter>
    </ClInclude>
    <QtMoc Include="gameover.h">
      <Filter>Header Files</Filter>
    </QtMoc>
    <QtMoc Include="mainwindow.h">
      <Filter>Header Files</Filter>
    </QtMoc>
  </ItemGroup>
  <ItemGroup>
    <CustomBuild Include="debug\moc_predefs.h.cbt">
      <Filter>Generated Files</Filter>
    </CustomBuild>
    <CustomBuild Include="release\moc_predefs.h.cbt">
      <Filter>Generated Files</Filter>
    </CustomBuild>
  </ItemGroup>
  <ItemGroup>
    <QtUic Include="aboutauthors.ui">
      <Filter>Form Files</Filter>
    </QtUic>
    <QtUic Include="gameover.ui">
      <Filter>Form Files</Filter>
    </QtUic>
    <QtUic Include="mainwindow.ui">
      <Filter>Form Files</Filter>
    </QtUic>
  </ItemGroup>
  <ItemGroup>
    <None Include="images\bg.jpg">
      <Filter>Resource Files</Filter>
    </None>
    <None Include="images\bg_menu.jpg">
      <Filter>Resource Files</Filter>
    </None>
    <None Include="bgmusic.mp3">
      <Filter>Resource Files</Filter>
    </None>
    <None Include="images\boss.png">
      <Filter>Resource Files</Filter>
    </None>
    <None Include="images\bullet_default.png">
      <Filter>Resource Files</Filter>
    </None>
    <None Include="images\bullet_down.png">
      <Filter>Resource Files</Filter>
    </None>
    <None Include="images\bullet_left.png">
      <Filter>Resource Files</Filter>
    </None>
    <None Include="images\bullet_right.png">
      <Filter>Resource Files</Filter>
    </None>
    <None Include="images\bullet_up.png">
      <Filter>Resource Files</Filter>
    </None>
    <None Include="gun.wav">
      <Filter>Resource Files</Filter>
    </None>
    <None Include="images\player_default.png">
      <Filter>Resource Files</Filter>
    </None>
    <None Include="images\player_down.png">
      <Filter>Resource Files</Filter>
    </None>
    <None Include="images\player_left.png">
      <Filter>Resource Files</Filter>
    </None>
    <None Include="images\player_right.png">
      <Filter>Resource Files</Filter>
    </None>
    <None Include="images\player_up.png">
      <Filter>Resource Files</Filter>
    </None>
    <QtRcc Include="res.qrc">
      <Filter>Resource Files</Filter>
    </QtRcc>
    <None Include="images\zombie.png">
      <Filter>Resource Files</Filter>
    </None>
  </ItemGroup>
</Project>